
Microsoft Visual Studio Solution File, Format Version 12.00
# Visual Studio Version 17
VisualStudioVersion = 17.6.33723.286
MinimumVisualStudioVersion = 10.0.40219.1
Project("{9A19103F-16F7-4668-BE54-9A1E7A4F7556}") = "Server", "Server\Server.csproj", "{48336F6C-1630-4CE7-BAF9-4873EFB05A01}"
EndProject
Project("{9A19103F-16F7-4668-BE54-9A1E7A4F7556}") = "Messages", "Messages\Messages.csproj", "{61233C99-528F-4D30-91A7-C118117BF215}"
EndProject
Project("{9A19103F-16F7-4668-BE54-9A1E7A4F7556}") = "Server_API", "Server_API\Server_API.csproj", "{D3707873-8122-4CD0-A5CC-C94EA9156E47}"
EndProject
Project("{9A19103F-16F7-4668-BE54-9A1E7A4F7556}") = "Server_base", "Server_base\Server_base.csproj", "{9F5B2644-4A98-4744-95DC-E410B0D12A34}"
EndProject
Project("{9A19103F-16F7-4668-BE54-9A1E7A4F7556}") = "Client", "Client\Client.csproj", "{AA2A664B-351D-423F-8DD0-41D71DD6BAAB}"
EndProject
Project("{9A19103F-16F7-4668-BE54-9A1E7A4F7556}") = "Transport", "Transport\Transport.csproj", "{F593BA4B-EDC0-4FDE-BA09-0B2C6897CE63}"
EndProject
Project("{2150E333-8FDC-42A3-9474-1A3956D46DE8}") = "Solution Items", "Solution Items", "{CA6C16D3-8BBE-4830-BA96-7AA37C168D10}"
	ProjectSection(SolutionItems) = preProject
		README.md = README.md
	EndProjectSection
EndProject
Project("{9A19103F-16F7-4668-BE54-9A1E7A4F7556}") = "Test client", "Test client\Test client.csproj", "{B1A2A36D-2EFC-47B7-B478-EDF2E28291C3}"
EndProject
Project("{9A19103F-16F7-4668-BE54-9A1E7A4F7556}") = "Dynamis software update test", "Dynamis software update test\Dynamis software update test.csproj", "{2C1F57A4-EB54-4B41-97AA-DDF16E3D514E}"
EndProject
Project("{9A19103F-16F7-4668-BE54-9A1E7A4F7556}") = "Dynamic software test library", "Dynamic software test library\Dynamic software test library.csproj", "{3C2C963B-C7DB-418E-AD11-2008CB71E90C}"
EndProject
Project("{9A19103F-16F7-4668-BE54-9A1E7A4F7556}") = "Dynamic software update test interface", "Dynamic software update test interface\Dynamic software update test interface.csproj", "{DBEB0B98-4C2E-450C-A524-F16E9D5C9450}"
EndProject
Project("{FAE04EC0-301F-11D3-BF4B-00C04F79EFBC}") = "ConfigurationData", "ConfigurationData\ConfigurationData.csproj", "{ADBDB8FA-27C4-423C-8235-3B2C995FE8AE}"
EndProject
Project("{FAE04EC0-301F-11D3-BF4B-00C04F79EFBC}") = "Server_interface", "Server_interface\Server_interface.csproj", "{BC4EE1E2-FBF1-4D44-BE1D-FF3959363CC4}"
EndProject
Global
	GlobalSection(SolutionConfigurationPlatforms) = preSolution
		Debug|Any CPU = Debug|Any CPU
		Debug|x64 = Debug|x64
		Debug|x86 = Debug|x86
		Release|Any CPU = Release|Any CPU
		Release|x64 = Release|x64
		Release|x86 = Release|x86
	EndGlobalSection
	GlobalSection(ProjectConfigurationPlatforms) = postSolution
		{48336F6C-1630-4CE7-BAF9-4873EFB05A01}.Debug|Any CPU.ActiveCfg = Debug|Any CPU
		{48336F6C-1630-4CE7-BAF9-4873EFB05A01}.Debug|Any CPU.Build.0 = Debug|Any CPU
		{48336F6C-1630-4CE7-BAF9-4873EFB05A01}.Debug|x64.ActiveCfg = Debug|Any CPU
		{48336F6C-1630-4CE7-BAF9-4873EFB05A01}.Debug|x64.Build.0 = Debug|Any CPU
		{48336F6C-1630-4CE7-BAF9-4873EFB05A01}.Debug|x86.ActiveCfg = Debug|Any CPU
		{48336F6C-1630-4CE7-BAF9-4873EFB05A01}.Debug|x86.Build.0 = Debug|Any CPU
		{48336F6C-1630-4CE7-BAF9-4873EFB05A01}.Release|Any CPU.ActiveCfg = Release|Any CPU
		{48336F6C-1630-4CE7-BAF9-4873EFB05A01}.Release|Any CPU.Build.0 = Release|Any CPU
		{48336F6C-1630-4CE7-BAF9-4873EFB05A01}.Release|x64.ActiveCfg = Release|Any CPU
		{48336F6C-1630-4CE7-BAF9-4873EFB05A01}.Release|x64.Build.0 = Release|Any CPU
		{48336F6C-1630-4CE7-BAF9-4873EFB05A01}.Release|x86.ActiveCfg = Release|Any CPU
		{48336F6C-1630-4CE7-BAF9-4873EFB05A01}.Release|x86.Build.0 = Release|Any CPU
		{61233C99-528F-4D30-91A7-C118117BF215}.Debug|Any CPU.ActiveCfg = Debug|Any CPU
		{61233C99-528F-4D30-91A7-C118117BF215}.Debug|Any CPU.Build.0 = Debug|Any CPU
		{61233C99-528F-4D30-91A7-C118117BF215}.Debug|x64.ActiveCfg = Debug|Any CPU
		{61233C99-528F-4D30-91A7-C118117BF215}.Debug|x64.Build.0 = Debug|Any CPU
		{61233C99-528F-4D30-91A7-C118117BF215}.Debug|x86.ActiveCfg = Debug|Any CPU
		{61233C99-528F-4D30-91A7-C118117BF215}.Debug|x86.Build.0 = Debug|Any CPU
		{61233C99-528F-4D30-91A7-C118117BF215}.Release|Any CPU.ActiveCfg = Release|Any CPU
		{61233C99-528F-4D30-91A7-C118117BF215}.Release|Any CPU.Build.0 = Release|Any CPU
		{61233C99-528F-4D30-91A7-C118117BF215}.Release|x64.ActiveCfg = Release|Any CPU
		{61233C99-528F-4D30-91A7-C118117BF215}.Release|x64.Build.0 = Release|Any CPU
		{61233C99-528F-4D30-91A7-C118117BF215}.Release|x86.ActiveCfg = Release|Any CPU
		{61233C99-528F-4D30-91A7-C118117BF215}.Release|x86.Build.0 = Release|Any CPU
		{D3707873-8122-4CD0-A5CC-C94EA9156E47}.Debug|Any CPU.ActiveCfg = Debug|Any CPU
		{D3707873-8122-4CD0-A5CC-C94EA9156E47}.Debug|Any CPU.Build.0 = Debug|Any CPU
		{D3707873-8122-4CD0-A5CC-C94EA9156E47}.Debug|x64.ActiveCfg = Debug|Any CPU
		{D3707873-8122-4CD0-A5CC-C94EA9156E47}.Debug|x64.Build.0 = Debug|Any CPU
		{D3707873-8122-4CD0-A5CC-C94EA9156E47}.Debug|x86.ActiveCfg = Debug|Any CPU
		{D3707873-8122-4CD0-A5CC-C94EA9156E47}.Debug|x86.Build.0 = Debug|Any CPU
		{D3707873-8122-4CD0-A5CC-C94EA9156E47}.Release|Any CPU.ActiveCfg = Release|Any CPU
		{D3707873-8122-4CD0-A5CC-C94EA9156E47}.Release|Any CPU.Build.0 = Release|Any CPU
		{D3707873-8122-4CD0-A5CC-C94EA9156E47}.Release|x64.ActiveCfg = Release|Any CPU
		{D3707873-8122-4CD0-A5CC-C94EA9156E47}.Release|x64.Build.0 = Release|Any CPU
		{D3707873-8122-4CD0-A5CC-C94EA9156E47}.Release|x86.ActiveCfg = Release|Any CPU
		{D3707873-8122-4CD0-A5CC-C94EA9156E47}.Release|x86.Build.0 = Release|Any CPU
		{9F5B2644-4A98-4744-95DC-E410B0D12A34}.Debug|Any CPU.ActiveCfg = Debug|Any CPU
		{9F5B2644-4A98-4744-95DC-E410B0D12A34}.Debug|Any CPU.Build.0 = Debug|Any CPU
		{9F5B2644-4A98-4744-95DC-E410B0D12A34}.Debug|x64.ActiveCfg = Debug|Any CPU
		{9F5B2644-4A98-4744-95DC-E410B0D12A34}.Debug|x64.Build.0 = Debug|Any CPU
		{9F5B2644-4A98-4744-95DC-E410B0D12A34}.Debug|x86.ActiveCfg = Debug|Any CPU
		{9F5B2644-4A98-4744-95DC-E410B0D12A34}.Debug|x86.Build.0 = Debug|Any CPU
		{9F5B2644-4A98-4744-95DC-E410B0D12A34}.Release|Any CPU.ActiveCfg = Release|Any CPU
		{9F5B2644-4A98-4744-95DC-E410B0D12A34}.Release|Any CPU.Build.0 = Release|Any CPU
		{9F5B2644-4A98-4744-95DC-E410B0D12A34}.Release|x64.ActiveCfg = Release|Any CPU
		{9F5B2644-4A98-4744-95DC-E410B0D12A34}.Release|x64.Build.0 = Release|Any CPU
		{9F5B2644-4A98-4744-95DC-E410B0D12A34}.Release|x86.ActiveCfg = Release|Any CPU
		{9F5B2644-4A98-4744-95DC-E410B0D12A34}.Release|x86.Build.0 = Release|Any CPU
		{AA2A664B-351D-423F-8DD0-41D71DD6BAAB}.Debug|Any CPU.ActiveCfg = Debug|Any CPU
		{AA2A664B-351D-423F-8DD0-41D71DD6BAAB}.Debug|Any CPU.Build.0 = Debug|Any CPU
		{AA2A664B-351D-423F-8DD0-41D71DD6BAAB}.Debug|x64.ActiveCfg = Debug|Any CPU
		{AA2A664B-351D-423F-8DD0-41D71DD6BAAB}.Debug|x64.Build.0 = Debug|Any CPU
		{AA2A664B-351D-423F-8DD0-41D71DD6BAAB}.Debug|x86.ActiveCfg = Debug|Any CPU
		{AA2A664B-351D-423F-8DD0-41D71DD6BAAB}.Debug|x86.Build.0 = Debug|Any CPU
		{AA2A664B-351D-423F-8DD0-41D71DD6BAAB}.Release|Any CPU.ActiveCfg = Debug|Any CPU
		{AA2A664B-351D-423F-8DD0-41D71DD6BAAB}.Release|Any CPU.Build.0 = Debug|Any CPU
		{AA2A664B-351D-423F-8DD0-41D71DD6BAAB}.Release|x64.ActiveCfg = Release|Any CPU
		{AA2A664B-351D-423F-8DD0-41D71DD6BAAB}.Release|x64.Build.0 = Release|Any CPU
		{AA2A664B-351D-423F-8DD0-41D71DD6BAAB}.Release|x86.ActiveCfg = Release|Any CPU
		{AA2A664B-351D-423F-8DD0-41D71DD6BAAB}.Release|x86.Build.0 = Release|Any CPU
		{F593BA4B-EDC0-4FDE-BA09-0B2C6897CE63}.Debug|Any CPU.ActiveCfg = Debug|Any CPU
		{F593BA4B-EDC0-4FDE-BA09-0B2C6897CE63}.Debug|Any CPU.Build.0 = Debug|Any CPU
		{F593BA4B-EDC0-4FDE-BA09-0B2C6897CE63}.Debug|x64.ActiveCfg = Debug|Any CPU
		{F593BA4B-EDC0-4FDE-BA09-0B2C6897CE63}.Debug|x64.Build.0 = Debug|Any CPU
		{F593BA4B-EDC0-4FDE-BA09-0B2C6897CE63}.Debug|x86.ActiveCfg = Debug|Any CPU
		{F593BA4B-EDC0-4FDE-BA09-0B2C6897CE63}.Debug|x86.Build.0 = Debug|Any CPU
		{F593BA4B-EDC0-4FDE-BA09-0B2C6897CE63}.Release|Any CPU.ActiveCfg = Release|Any CPU
		{F593BA4B-EDC0-4FDE-BA09-0B2C6897CE63}.Release|Any CPU.Build.0 = Release|Any CPU
		{F593BA4B-EDC0-4FDE-BA09-0B2C6897CE63}.Release|x64.ActiveCfg = Release|Any CPU
		{F593BA4B-EDC0-4FDE-BA09-0B2C6897CE63}.Release|x64.Build.0 = Release|Any CPU
		{F593BA4B-EDC0-4FDE-BA09-0B2C6897CE63}.Release|x86.ActiveCfg = Release|Any CPU
		{F593BA4B-EDC0-4FDE-BA09-0B2C6897CE63}.Release|x86.Build.0 = Release|Any CPU
		{B1A2A36D-2EFC-47B7-B478-EDF2E28291C3}.Debug|Any CPU.ActiveCfg = Debug|Any CPU
		{B1A2A36D-2EFC-47B7-B478-EDF2E28291C3}.Debug|Any CPU.Build.0 = Debug|Any CPU
		{B1A2A36D-2EFC-47B7-B478-EDF2E28291C3}.Debug|x64.ActiveCfg = Debug|Any CPU
		{B1A2A36D-2EFC-47B7-B478-EDF2E28291C3}.Debug|x64.Build.0 = Debug|Any CPU
		{B1A2A36D-2EFC-47B7-B478-EDF2E28291C3}.Debug|x86.ActiveCfg = Debug|Any CPU
		{B1A2A36D-2EFC-47B7-B478-EDF2E28291C3}.Debug|x86.Build.0 = Debug|Any CPU
		{B1A2A36D-2EFC-47B7-B478-EDF2E28291C3}.Release|Any CPU.ActiveCfg = Release|Any CPU
		{B1A2A36D-2EFC-47B7-B478-EDF2E28291C3}.Release|Any CPU.Build.0 = Release|Any CPU
		{B1A2A36D-2EFC-47B7-B478-EDF2E28291C3}.Release|x64.ActiveCfg = Release|Any CPU
		{B1A2A36D-2EFC-47B7-B478-EDF2E28291C3}.Release|x64.Build.0 = Release|Any CPU
		{B1A2A36D-2EFC-47B7-B478-EDF2E28291C3}.Release|x86.ActiveCfg = Release|Any CPU
		{B1A2A36D-2EFC-47B7-B478-EDF2E28291C3}.Release|x86.Build.0 = Release|Any CPU
		{2C1F57A4-EB54-4B41-97AA-DDF16E3D514E}.Debug|Any CPU.ActiveCfg = Debug|Any CPU
		{2C1F57A4-EB54-4B41-97AA-DDF16E3D514E}.Debug|Any CPU.Build.0 = Debug|Any CPU
		{2C1F57A4-EB54-4B41-97AA-DDF16E3D514E}.Debug|x64.ActiveCfg = Debug|Any CPU
		{2C1F57A4-EB54-4B41-97AA-DDF16E3D514E}.Debug|x64.Build.0 = Debug|Any CPU
		{2C1F57A4-EB54-4B41-97AA-DDF16E3D514E}.Debug|x86.ActiveCfg = Debug|Any CPU
		{2C1F57A4-EB54-4B41-97AA-DDF16E3D514E}.Debug|x86.Build.0 = Debug|Any CPU
		{2C1F57A4-EB54-4B41-97AA-DDF16E3D514E}.Release|Any CPU.ActiveCfg = Release|Any CPU
		{2C1F57A4-EB54-4B41-97AA-DDF16E3D514E}.Release|Any CPU.Build.0 = Release|Any CPU
		{2C1F57A4-EB54-4B41-97AA-DDF16E3D514E}.Release|x64.ActiveCfg = Release|Any CPU
		{2C1F57A4-EB54-4B41-97AA-DDF16E3D514E}.Release|x64.Build.0 = Release|Any CPU
		{2C1F57A4-EB54-4B41-97AA-DDF16E3D514E}.Release|x86.ActiveCfg = Release|Any CPU
		{2C1F57A4-EB54-4B41-97AA-DDF16E3D514E}.Release|x86.Build.0 = Release|Any CPU
		{3C2C963B-C7DB-418E-AD11-2008CB71E90C}.Debug|Any CPU.ActiveCfg = Debug|Any CPU
		{3C2C963B-C7DB-418E-AD11-2008CB71E90C}.Debug|Any CPU.Build.0 = Debug|Any CPU
		{3C2C963B-C7DB-418E-AD11-2008CB71E90C}.Debug|x64.ActiveCfg = Debug|Any CPU
		{3C2C963B-C7DB-418E-AD11-2008CB71E90C}.Debug|x64.Build.0 = Debug|Any CPU
		{3C2C963B-C7DB-418E-AD11-2008CB71E90C}.Debug|x86.ActiveCfg = Debug|Any CPU
		{3C2C963B-C7DB-418E-AD11-2008CB71E90C}.Debug|x86.Build.0 = Debug|Any CPU
		{3C2C963B-C7DB-418E-AD11-2008CB71E90C}.Release|Any CPU.ActiveCfg = Release|Any CPU
		{3C2C963B-C7DB-418E-AD11-2008CB71E90C}.Release|Any CPU.Build.0 = Release|Any CPU
		{3C2C963B-C7DB-418E-AD11-2008CB71E90C}.Release|x64.ActiveCfg = Release|Any CPU
		{3C2C963B-C7DB-418E-AD11-2008CB71E90C}.Release|x64.Build.0 = Release|Any CPU
		{3C2C963B-C7DB-418E-AD11-2008CB71E90C}.Release|x86.ActiveCfg = Release|Any CPU
		{3C2C963B-C7DB-418E-AD11-2008CB71E90C}.Release|x86.Build.0 = Release|Any CPU
		{DBEB0B98-4C2E-450C-A524-F16E9D5C9450}.Debug|Any CPU.ActiveCfg = Debug|Any CPU
		{DBEB0B98-4C2E-450C-A524-F16E9D5C9450}.Debug|Any CPU.Build.0 = Debug|Any CPU
		{DBEB0B98-4C2E-450C-A524-F16E9D5C9450}.Debug|x64.ActiveCfg = Debug|Any CPU
		{DBEB0B98-4C2E-450C-A524-F16E9D5C9450}.Debug|x64.Build.0 = Debug|Any CPU
		{DBEB0B98-4C2E-450C-A524-F16E9D5C9450}.Debug|x86.ActiveCfg = Debug|Any CPU
		{DBEB0B98-4C2E-450C-A524-F16E9D5C9450}.Debug|x86.Build.0 = Debug|Any CPU
		{DBEB0B98-4C2E-450C-A524-F16E9D5C9450}.Release|Any CPU.ActiveCfg = Release|Any CPU
		{DBEB0B98-4C2E-450C-A524-F16E9D5C9450}.Release|Any CPU.Build.0 = Release|Any CPU
		{DBEB0B98-4C2E-450C-A524-F16E9D5C9450}.Release|x64.ActiveCfg = Release|Any CPU
		{DBEB0B98-4C2E-450C-A524-F16E9D5C9450}.Release|x64.Build.0 = Release|Any CPU
		{DBEB0B98-4C2E-450C-A524-F16E9D5C9450}.Release|x86.ActiveCfg = Release|Any CPU
		{DBEB0B98-4C2E-450C-A524-F16E9D5C9450}.Release|x86.Build.0 = Release|Any CPU
		{ADBDB8FA-27C4-423C-8235-3B2C995FE8AE}.Debug|Any CPU.ActiveCfg = Debug|Any CPU
		{ADBDB8FA-27C4-423C-8235-3B2C995FE8AE}.Debug|Any CPU.Build.0 = Debug|Any CPU
		{ADBDB8FA-27C4-423C-8235-3B2C995FE8AE}.Debug|x64.ActiveCfg = Debug|Any CPU
		{ADBDB8FA-27C4-423C-8235-3B2C995FE8AE}.Debug|x64.Build.0 = Debug|Any CPU
		{ADBDB8FA-27C4-423C-8235-3B2C995FE8AE}.Debug|x86.ActiveCfg = Debug|Any CPU
		{ADBDB8FA-27C4-423C-8235-3B2C995FE8AE}.Debug|x86.Build.0 = Debug|Any CPU
		{ADBDB8FA-27C4-423C-8235-3B2C995FE8AE}.Release|Any CPU.ActiveCfg = Release|Any CPU
		{ADBDB8FA-27C4-423C-8235-3B2C995FE8AE}.Release|Any CPU.Build.0 = Release|Any CPU
		{ADBDB8FA-27C4-423C-8235-3B2C995FE8AE}.Release|x64.ActiveCfg = Release|Any CPU
		{ADBDB8FA-27C4-423C-8235-3B2C995FE8AE}.Release|x64.Build.0 = Release|Any CPU
		{ADBDB8FA-27C4-423C-8235-3B2C995FE8AE}.Release|x86.ActiveCfg = Release|Any CPU
		{ADBDB8FA-27C4-423C-8235-3B2C995FE8AE}.Release|x86.Build.0 = Release|Any CPU
		{BC4EE1E2-FBF1-4D44-BE1D-FF3959363CC4}.Debug|Any CPU.ActiveCfg = Debug|Any CPU
		{BC4EE1E2-FBF1-4D44-BE1D-FF3959363CC4}.Debug|Any CPU.Build.0 = Debug|Any CPU
		{BC4EE1E2-FBF1-4D44-BE1D-FF3959363CC4}.Debug|x64.ActiveCfg = Debug|Any CPU
		{BC4EE1E2-FBF1-4D44-BE1D-FF3959363CC4}.Debug|x64.Build.0 = Debug|Any CPU
		{BC4EE1E2-FBF1-4D44-BE1D-FF3959363CC4}.Debug|x86.ActiveCfg = Debug|Any CPU
		{BC4EE1E2-FBF1-4D44-BE1D-FF3959363CC4}.Debug|x86.Build.0 = Debug|Any CPU
		{BC4EE1E2-FBF1-4D44-BE1D-FF3959363CC4}.Release|Any CPU.ActiveCfg = Release|Any CPU
		{BC4EE1E2-FBF1-4D44-BE1D-FF3959363CC4}.Release|Any CPU.Build.0 = Release|Any CPU
		{BC4EE1E2-FBF1-4D44-BE1D-FF3959363CC4}.Release|x64.ActiveCfg = Release|Any CPU
		{BC4EE1E2-FBF1-4D44-BE1D-FF3959363CC4}.Release|x64.Build.0 = Release|Any CPU
		{BC4EE1E2-FBF1-4D44-BE1D-FF3959363CC4}.Release|x86.ActiveCfg = Release|Any CPU
		{BC4EE1E2-FBF1-4D44-BE1D-FF3959363CC4}.Release|x86.Build.0 = Release|Any CPU
	EndGlobalSection
	GlobalSection(SolutionProperties) = preSolution
		HideSolutionNode = FALSE
	EndGlobalSection
	GlobalSection(ExtensibilityGlobals) = postSolution
		SolutionGuid = {1570E820-0177-41B8-B9AB-E5BE003638F1}
	EndGlobalSection
EndGlobal
